
Microsoft Visual Studio Solution File, Format Version 12.00
# Visual Studio Version 16
VisualStudioVersion = 16.0.31729.503
MinimumVisualStudioVersion = 10.0.40219.1
Project("{FAE04EC0-301F-11D3-BF4B-00C04F79EFBC}") = "CSharp_PlayFairCipher_WPF", "CSharp_PlayFairCipher_WPF\CSharp_PlayFairCipher_WPF.csproj", "{728FD156-8486-4CC5-925A-0DA73F3E6670}"
EndProject
Global
	GlobalSection(SolutionConfigurationPlatforms) = preSolution
		Debug|Any CPU = Debug|Any CPU
		Release|Any CPU = Release|Any CPU
	EndGlobalSection
	GlobalSection(ProjectConfigurationPlatforms) = postSolution
		{728FD156-8486-4CC5-925A-0DA73F3E6670}.Debug|Any CPU.ActiveCfg = Debug|Any CPU
		{728FD156-8486-4CC5-925A-0DA73F3E6670}.Debug|Any CPU.Build.0 = Debug|Any CPU
		{728FD156-8486-4CC5-925A-0DA73F3E6670}.Release|Any CPU.ActiveCfg = Release|Any CPU
		{728FD156-8486-4CC5-925A-0DA73F3E6670}.Release|Any CPU.Build.0 = Release|Any CPU
	EndGlobalSection
	GlobalSection(SolutionProperties) = preSolution
		HideSolutionNode = FALSE
	EndGlobalSection
	GlobalSection(ExtensibilityGlobals) = postSolution
		SolutionGuid = {2DC6AAA1-532B-4AE6-9BE1-A192A956C479}
	EndGlobalSection
EndGlobal
